
Microsoft Visual Studio Solution File, Format Version 12.00
# Visual Studio 14
VisualStudioVersion = 14.0.25420.1
MinimumVisualStudioVersion = 10.0.40219.1
Project("{FAE04EC0-301F-11D3-BF4B-00C04F79EFBC}") = "log4netDemo", "log4netDemo\log4netDemo.csproj", "{8DCD05B1-A8CC-4684-B1A8-2AC311026E3C}"
EndProject
Project("{FAE04EC0-301F-11D3-BF4B-00C04F79EFBC}") = "Log4NetCustomerDemo", "Log4NetCustomerDemo\Log4NetCustomerDemo.csproj", "{B9773CF3-F446-42CE-9221-479AFE49211D}"
EndProject
Global
	GlobalSection(SolutionConfigurationPlatforms) = preSolution
		Debug|Any CPU = Debug|Any CPU
		Release|Any CPU = Release|Any CPU
	EndGlobalSection
	GlobalSection(ProjectConfigurationPlatforms) = postSolution
		{8DCD05B1-A8CC-4684-B1A8-2AC311026E3C}.Debug|Any CPU.ActiveCfg = Debug|Any CPU
		{8DCD05B1-A8CC-4684-B1A8-2AC311026E3C}.Debug|Any CPU.Build.0 = Debug|Any CPU
		{8DCD05B1-A8CC-4684-B1A8-2AC311026E3C}.Release|Any CPU.ActiveCfg = Release|Any CPU
		{8DCD05B1-A8CC-4684-B1A8-2AC311026E3C}.Release|Any CPU.Build.0 = Release|Any CPU
		{B9773CF3-F446-42CE-9221-479AFE49211D}.Debug|Any CPU.ActiveCfg = Debug|Any CPU
		{B9773CF3-F446-42CE-9221-479AFE49211D}.Debug|Any CPU.Build.0 = Debug|Any CPU
		{B9773CF3-F446-42CE-9221-479AFE49211D}.Release|Any CPU.ActiveCfg = Release|Any CPU
		{B9773CF3-F446-42CE-9221-479AFE49211D}.Release|Any CPU.Build.0 = Release|Any CPU
	EndGlobalSection
	GlobalSection(SolutionProperties) = preSolution
		HideSolutionNode = FALSE
	EndGlobalSection
EndGlobal
